
Microsoft Visual Studio Solution File, Format Version 12.00
# Visual Studio Version 17
VisualStudioVersion = 17.5.002.0
MinimumVisualStudioVersion = 10.0.40219.1
Project("{9A19103F-16F7-4668-BE54-9A1E7A4F7556}") = "My-Project", "My-Project.csproj", "{FD88C6EF-C741-45D5-86B2-CE97C3902F79}"
EndProject
Global
	GlobalSection(SolutionConfigurationPlatforms) = preSolution
		Debug|Any CPU = Debug|Any CPU
		Release|Any CPU = Release|Any CPU
	EndGlobalSection
	GlobalSection(ProjectConfigurationPlatforms) = postSolution
		{FD88C6EF-C741-45D5-86B2-CE97C3902F79}.Debug|Any CPU.ActiveCfg = Debug|Any CPU
		{FD88C6EF-C741-45D5-86B2-CE97C3902F79}.Debug|Any CPU.Build.0 = Debug|Any CPU
		{FD88C6EF-C741-45D5-86B2-CE97C3902F79}.Release|Any CPU.ActiveCfg = Release|Any CPU
		{FD88C6EF-C741-45D5-86B2-CE97C3902F79}.Release|Any CPU.Build.0 = Release|Any CPU
	EndGlobalSection
	GlobalSection(SolutionProperties) = preSolution
		HideSolutionNode = FALSE
	EndGlobalSection
	GlobalSection(ExtensibilityGlobals) = postSolution
		SolutionGuid = {4D25090D-72D2-4D43-98C2-FCD0A17B7C70}
	EndGlobalSection
EndGlobal
